
Microsoft Visual Studio Solution File, Format Version 12.00
# Visual Studio Version 16
VisualStudioVersion = 16.0.30225.117
MinimumVisualStudioVersion = 10.0.40219.1
Project("{FAE04EC0-301F-11D3-BF4B-00C04F79EFBC}") = "EAA", "EAA\EAA.csproj", "{984F13B7-9B30-4B40-B536-68376E9783CC}"
EndProject
Global
	GlobalSection(SolutionConfigurationPlatforms) = preSolution
		Debug|Any CPU = Debug|Any CPU
		Release|Any CPU = Release|Any CPU
	EndGlobalSection
	GlobalSection(ProjectConfigurationPlatforms) = postSolution
		{984F13B7-9B30-4B40-B536-68376E9783CC}.Debug|Any CPU.ActiveCfg = Debug|Any CPU
		{984F13B7-9B30-4B40-B536-68376E9783CC}.Debug|Any CPU.Build.0 = Debug|Any CPU
		{984F13B7-9B30-4B40-B536-68376E9783CC}.Release|Any CPU.ActiveCfg = Release|Any CPU
		{984F13B7-9B30-4B40-B536-68376E9783CC}.Release|Any CPU.Build.0 = Release|Any CPU
	EndGlobalSection
	GlobalSection(SolutionProperties) = preSolution
		HideSolutionNode = FALSE
	EndGlobalSection
	GlobalSection(ExtensibilityGlobals) = postSolution
		SolutionGuid = {3500EAE9-2470-435B-90B6-1AF947E3ACEC}
	EndGlobalSection
EndGlobal
